// !$*UTF8*$!
{
	archiveVersion = 1;
	classes = {
	};
	objectVersion = 50;
	objects = {

/* Begin PBXBuildFile section */
		CB0048ED21B206B300576D0B /* MessageChat.xcdatamodeld in Sources */ = {isa = PBXBuildFile; fileRef = CB0048EB21B206B300576D0B /* MessageChat.xcdatamodeld */; };
		CB0048F221B20A4700576D0B /* UserProfileController.swift in Sources */ = {isa = PBXBuildFile; fileRef = CB0048F121B20A4700576D0B /* UserProfileController.swift */; };
		CB0048F421B20A6500576D0B /* ProfileViewCell.swift in Sources */ = {isa = PBXBuildFile; fileRef = CB0048F321B20A6500576D0B /* ProfileViewCell.swift */; };
		CB0048F621B20A8800576D0B /* OptionsViewCell.swift in Sources */ = {isa = PBXBuildFile; fileRef = CB0048F521B20A8800576D0B /* OptionsViewCell.swift */; };
		CB98E75921B20C7300B06729 /* ChatLogController.swift in Sources */ = {isa = PBXBuildFile; fileRef = CB98E75821B20C7300B06729 /* ChatLogController.swift */; };
		CB98E75C21B20CA900B06729 /* ChatMessageCell.swift in Sources */ = {isa = PBXBuildFile; fileRef = CB98E75B21B20CA900B06729 /* ChatMessageCell.swift */; };
		CBD9198B21B2B12C00F49B6B /* CustomTabBar.swift in Sources */ = {isa = PBXBuildFile; fileRef = CBD9198A21B2B12B00F49B6B /* CustomTabBar.swift */; };
		CBECAB7B21AF45920051C532 /* AppDelegate.swift in Sources */ = {isa = PBXBuildFile; fileRef = CBECAB7A21AF45920051C532 /* AppDelegate.swift */; };
		CBECAB7D21AF45920051C532 /* ViewController.swift in Sources */ = {isa = PBXBuildFile; fileRef = CBECAB7C21AF45920051C532 /* ViewController.swift */; };
		CBECAB8021AF45920051C532 /* Main.storyboard in Resources */ = {isa = PBXBuildFile; fileRef = CBECAB7E21AF45920051C532 /* Main.storyboard */; };
		CBECAB8521AF45950051C532 /* Assets.xcassets in Resources */ = {isa = PBXBuildFile; fileRef = CBECAB8421AF45950051C532 /* Assets.xcassets */; };
		CBECAB8821AF45950051C532 /* LaunchScreen.storyboard in Resources */ = {isa = PBXBuildFile; fileRef = CBECAB8621AF45950051C532 /* LaunchScreen.storyboard */; };
		CBECAB9321AF45950051C532 /* MessageChatTests.swift in Sources */ = {isa = PBXBuildFile; fileRef = CBECAB9221AF45950051C532 /* MessageChatTests.swift */; };
		CBECAB9E21AF45950051C532 /* MessageChatUITests.swift in Sources */ = {isa = PBXBuildFile; fileRef = CBECAB9D21AF45950051C532 /* MessageChatUITests.swift */; };
		CBECABAF21AF46DA0051C532 /* ContactsModelController.swift in Sources */ = {isa = PBXBuildFile; fileRef = CBECABAE21AF46DA0051C532 /* ContactsModelController.swift */; };
		CBECABB121AF471C0051C532 /* ContactsCell.swift in Sources */ = {isa = PBXBuildFile; fileRef = CBECABB021AF471C0051C532 /* ContactsCell.swift */; };
		CBECABB321AF47A90051C532 /* CustomTabBarController.swift in Sources */ = {isa = PBXBuildFile; fileRef = CBECABB221AF47A90051C532 /* CustomTabBarController.swift */; };
		CBECABB521AF48410051C532 /* ExtensionsAnchor.swift in Sources */ = {isa = PBXBuildFile; fileRef = CBECABB421AF48410051C532 /* ExtensionsAnchor.swift */; };
		CBECABB821AF48830051C532 /* Componentes.swift in Sources */ = {isa = PBXBuildFile; fileRef = CBECABB721AF48830051C532 /* Componentes.swift */; };
/* End PBXBuildFile section */

/* Begin PBXContainerItemProxy section */
		CBECAB8F21AF45950051C532 /* PBXContainerItemProxy */ = {
			isa = PBXContainerItemProxy;
			containerPortal = CBECAB6F21AF45910051C532 /* Project object */;
			proxyType = 1;
			remoteGlobalIDString = CBECAB7621AF45910051C532;
			remoteInfo = MessageChat;
		};
		CBECAB9A21AF45950051C532 /* PBXContainerItemProxy */ = {
			isa = PBXContainerItemProxy;
			containerPortal = CBECAB6F21AF45910051C532 /* Project object */;
			proxyType = 1;
			remoteGlobalIDString = CBECAB7621AF45910051C532;
			remoteInfo = MessageChat;
		};
/* End PBXContainerItemProxy section */

/* Begin PBXFileReference section */
		CB0048EC21B206B300576D0B /* MessageChat.xcdatamodel */ = {isa = PBXFileReference; lastKnownFileType = wrapper.xcdatamodel; path = MessageChat.xcdatamodel; sourceTree = "<group>"; };
		CB0048F121B20A4700576D0B /* UserProfileController.swift */ = {isa = PBXFileReference; lastKnownFileType = sourcecode.swift; path = UserProfileController.swift; sourceTree = "<group>"; };
		CB0048F321B20A6500576D0B /* ProfileViewCell.swift */ = {isa = PBXFileReference; lastKnownFileType = sourcecode.swift; path = ProfileViewCell.swift; sourceTree = "<group>"; };
		CB0048F521B20A8800576D0B /* OptionsViewCell.swift */ = {isa = PBXFileReference; lastKnownFileType = sourcecode.swift; path = OptionsViewCell.swift; sourceTree = "<group>"; };
		CB98E75821B20C7300B06729 /* ChatLogController.swift */ = {isa = PBXFileReference; lastKnownFileType = sourcecode.swift; path = ChatLogController.swift; sourceTree = "<group>"; };
		CB98E75B21B20CA900B06729 /* ChatMessageCell.swift */ = {isa = PBXFileReference; lastKnownFileType = sourcecode.swift; path = ChatMessageCell.swift; sourceTree = "<group>"; };
		CBD9198A21B2B12B00F49B6B /* CustomTabBar.swift */ = {isa = PBXFileReference; lastKnownFileType = sourcecode.swift; path = CustomTabBar.swift; sourceTree = "<group>"; };
		CBECAB7721AF45910051C532 /* MessageChat.app */ = {isa = PBXFileReference; explicitFileType = wrapper.application; includeInIndex = 0; path = MessageChat.app; sourceTree = BUILT_PRODUCTS_DIR; };
		CBECAB7A21AF45920051C532 /* AppDelegate.swift */ = {isa = PBXFileReference; lastKnownFileType = sourcecode.swift; path = AppDelegate.swift; sourceTree = "<group>"; };
		CBECAB7C21AF45920051C532 /* ViewController.swift */ = {isa = PBXFileReference; lastKnownFileType = sourcecode.swift; path = ViewController.swift; sourceTree = "<group>"; };
		CBECAB7F21AF45920051C532 /* Base */ = {isa = PBXFileReference; lastKnownFileType = file.storyboard; name = Base; path = Base.lproj/Main.storyboard; sourceTree = "<group>"; };
		CBECAB8421AF45950051C532 /* Assets.xcassets */ = {isa = PBXFileReference; lastKnownFileType = folder.assetcatalog; path = Assets.xcassets; sourceTree = "<group>"; };
		CBECAB8721AF45950051C532 /* Base */ = {isa = PBXFileReference; lastKnownFileType = file.storyboard; name = Base; path = Base.lproj/LaunchScreen.storyboard; sourceTree = "<group>"; };
		CBECAB8921AF45950051C532 /* Info.plist */ = {isa = PBXFileReference; lastKnownFileType = text.plist.xml; path = Info.plist; sourceTree = "<group>"; };
		CBECAB8E21AF45950051C532 /* MessageChatTests.xctest */ = {isa = PBXFileReference; explicitFileType = wrapper.cfbundle; includeInIndex = 0; path = MessageChatTests.xctest; sourceTree = BUILT_PRODUCTS_DIR; };
		CBECAB9221AF45950051C532 /* MessageChatTests.swift */ = {isa = PBXFileReference; lastKnownFileType = sourcecode.swift; path = MessageChatTests.swift; sourceTree = "<group>"; };
		CBECAB9421AF45950051C532 /* Info.plist */ = {isa = PBXFileReference; lastKnownFileType = text.plist.xml; path = Info.plist; sourceTree = "<group>"; };
		CBECAB9921AF45950051C532 /* MessageChatUITests.xctest */ = {isa = PBXFileReference; explicitFileType = wrapper.cfbundle; includeInIndex = 0; path = MessageChatUITests.xctest; sourceTree = BUILT_PRODUCTS_DIR; };
		CBECAB9D21AF45950051C532 /* MessageChatUITests.swift */ = {isa = PBXFileReference; lastKnownFileType = sourcecode.swift; path = MessageChatUITests.swift; sourceTree = "<group>"; };
		CBECAB9F21AF45950051C532 /* Info.plist */ = {isa = PBXFileReference; lastKnownFileType = text.plist.xml; path = Info.plist; sourceTree = "<group>"; };
		CBECABAE21AF46DA0051C532 /* ContactsModelController.swift */ = {isa = PBXFileReference; lastKnownFileType = sourcecode.swift; path = ContactsModelController.swift; sourceTree = "<group>"; };
		CBECABB021AF471C0051C532 /* ContactsCell.swift */ = {isa = PBXFileReference; lastKnownFileType = sourcecode.swift; path = ContactsCell.swift; sourceTree = "<group>"; };
		CBECABB221AF47A90051C532 /* CustomTabBarController.swift */ = {isa = PBXFileReference; lastKnownFileType = sourcecode.swift; path = CustomTabBarController.swift; sourceTree = "<group>"; };
		CBECABB421AF48410051C532 /* ExtensionsAnchor.swift */ = {isa = PBXFileReference; lastKnownFileType = sourcecode.swift; path = ExtensionsAnchor.swift; sourceTree = "<group>"; };
		CBECABB721AF48830051C532 /* Componentes.swift */ = {isa = PBXFileReference; lastKnownFileType = sourcecode.swift; path = Componentes.swift; sourceTree = "<group>"; };
/* End PBXFileReference section */

/* Begin PBXFrameworksBuildPhase section */
		CBECAB7421AF45910051C532 /* Frameworks */ = {
			isa = PBXFrameworksBuildPhase;
			buildActionMask = 2147483647;
			files = (
			);
			runOnlyForDeploymentPostprocessing = 0;
		};
		CBECAB8B21AF45950051C532 /* Frameworks */ = {
			isa = PBXFrameworksBuildPhase;
			buildActionMask = 2147483647;
			files = (
			);
			runOnlyForDeploymentPostprocessing = 0;
		};
		CBECAB9621AF45950051C532 /* Frameworks */ = {
			isa = PBXFrameworksBuildPhase;
			buildActionMask = 2147483647;
			files = (
			);
			runOnlyForDeploymentPostprocessing = 0;
		};
/* End PBXFrameworksBuildPhase section */

/* Begin PBXGroup section */
		CB0048EE21B20A2100576D0B /* ProfileUser */ = {
			isa = PBXGroup;
			children = (
				CB0048F021B20A3100576D0B /* Controller */,
				CB0048EF21B20A2C00576D0B /* View */,
			);
			path = ProfileUser;
			sourceTree = "<group>";
		};
		CB0048EF21B20A2C00576D0B /* View */ = {
			isa = PBXGroup;
			children = (
				CB0048F321B20A6500576D0B /* ProfileViewCell.swift */,
				CB0048F521B20A8800576D0B /* OptionsViewCell.swift */,
			);
			path = View;
			sourceTree = "<group>";
		};
		CB0048F021B20A3100576D0B /* Controller */ = {
			isa = PBXGroup;
			children = (
				CB0048F121B20A4700576D0B /* UserProfileController.swift */,
			);
			path = Controller;
			sourceTree = "<group>";
		};
		CB98E75721B20C6000B06729 /* Controller */ = {
			isa = PBXGroup;
			children = (
				CB98E75821B20C7300B06729 /* ChatLogController.swift */,
			);
			path = Controller;
			sourceTree = "<group>";
		};
		CB98E75A21B20C9C00B06729 /* View */ = {
			isa = PBXGroup;
			children = (
				CB98E75B21B20CA900B06729 /* ChatMessageCell.swift */,
				CBD9198A21B2B12B00F49B6B /* CustomTabBar.swift */,
			);
			path = View;
			sourceTree = "<group>";
		};
		CBECAB6E21AF45910051C532 = {
			isa = PBXGroup;
			children = (
				CBECAB7921AF45910051C532 /* MessageChat */,
				CBECAB9121AF45950051C532 /* MessageChatTests */,
				CBECAB9C21AF45950051C532 /* MessageChatUITests */,
				CBECAB7821AF45910051C532 /* Products */,
			);
			sourceTree = "<group>";
		};
		CBECAB7821AF45910051C532 /* Products */ = {
			isa = PBXGroup;
			children = (
				CBECAB7721AF45910051C532 /* MessageChat.app */,
				CBECAB8E21AF45950051C532 /* MessageChatTests.xctest */,
				CBECAB9921AF45950051C532 /* MessageChatUITests.xctest */,
			);
			name = Products;
			sourceTree = "<group>";
		};
		CBECAB7921AF45910051C532 /* MessageChat */ = {
			isa = PBXGroup;
			children = (
				CB0048EE21B20A2100576D0B /* ProfileUser */,
				CBECABBB21AF4A290051C532 /* Chat */,
				CBECABB621AF485C0051C532 /* Componentes */,
				CBECABAB21AF46090051C532 /* Home */,
				CBECAB7A21AF45920051C532 /* AppDelegate.swift */,
				CBECAB7E21AF45920051C532 /* Main.storyboard */,
				CBECAB8421AF45950051C532 /* Assets.xcassets */,
				CBECAB8621AF45950051C532 /* LaunchScreen.storyboard */,
				CBECAB8921AF45950051C532 /* Info.plist */,
			);
			path = MessageChat;
			sourceTree = "<group>";
		};
		CBECAB9121AF45950051C532 /* MessageChatTests */ = {
			isa = PBXGroup;
			children = (
				CBECAB9221AF45950051C532 /* MessageChatTests.swift */,
				CBECAB9421AF45950051C532 /* Info.plist */,
			);
			path = MessageChatTests;
			sourceTree = "<group>";
		};
		CBECAB9C21AF45950051C532 /* MessageChatUITests */ = {
			isa = PBXGroup;
			children = (
				CBECAB9D21AF45950051C532 /* MessageChatUITests.swift */,
				CBECAB9F21AF45950051C532 /* Info.plist */,
			);
			path = MessageChatUITests;
			sourceTree = "<group>";
		};
		CBECABAB21AF46090051C532 /* Home */ = {
			isa = PBXGroup;
			children = (
				CBECABAD21AF46240051C532 /* Controller */,
				CBECABAC21AF46150051C532 /* View */,
				CBECABB221AF47A90051C532 /* CustomTabBarController.swift */,
			);
			path = Home;
			sourceTree = "<group>";
		};
		CBECABAC21AF46150051C532 /* View */ = {
			isa = PBXGroup;
			children = (
				CBECABB021AF471C0051C532 /* ContactsCell.swift */,
			);
			path = View;
			sourceTree = "<group>";
		};
		CBECABAD21AF46240051C532 /* Controller */ = {
			isa = PBXGroup;
			children = (
				CBECAB7C21AF45920051C532 /* ViewController.swift */,
				CBECABAE21AF46DA0051C532 /* ContactsModelController.swift */,
			);
			path = Controller;
			sourceTree = "<group>";
		};
		CBECABB621AF485C0051C532 /* Componentes */ = {
			isa = PBXGroup;
			children = (
				CB0048EB21B206B300576D0B /* MessageChat.xcdatamodeld */,
				CBECABB421AF48410051C532 /* ExtensionsAnchor.swift */,
				CBECABB721AF48830051C532 /* Componentes.swift */,
			);
			path = Componentes;
			sourceTree = "<group>";
		};
		CBECABBB21AF4A290051C532 /* Chat */ = {
			isa = PBXGroup;
			children = (
				CB98E75A21B20C9C00B06729 /* View */,
				CB98E75721B20C6000B06729 /* Controller */,
			);
			path = Chat;
			sourceTree = "<group>";
		};
/* End PBXGroup section */

/* Begin PBXNativeTarget section */
		CBECAB7621AF45910051C532 /* MessageChat */ = {
			isa = PBXNativeTarget;
			buildConfigurationList = CBECABA221AF45950051C532 /* Build configuration list for PBXNativeTarget "MessageChat" */;
			buildPhases = (
				CBECAB7321AF45910051C532 /* Sources */,
				CBECAB7421AF45910051C532 /* Frameworks */,
				CBECAB7521AF45910051C532 /* Resources */,
			);
			buildRules = (
			);
			dependencies = (
			);
			name = MessageChat;
			productName = MessageChat;
			productReference = CBECAB7721AF45910051C532 /* MessageChat.app */;
			productType = "com.apple.product-type.application";
		};
		CBECAB8D21AF45950051C532 /* MessageChatTests */ = {
			isa = PBXNativeTarget;
			buildConfigurationList = CBECABA521AF45950051C532 /* Build configuration list for PBXNativeTarget "MessageChatTests" */;
			buildPhases = (
				CBECAB8A21AF45950051C532 /* Sources */,
				CBECAB8B21AF45950051C532 /* Frameworks */,
				CBECAB8C21AF45950051C532 /* Resources */,
			);
			buildRules = (
			);
			dependencies = (
				CBECAB9021AF45950051C532 /* PBXTargetDependency */,
			);
			name = MessageChatTests;
			productName = MessageChatTests;
			productReference = CBECAB8E21AF45950051C532 /* MessageChatTests.xctest */;
			productType = "com.apple.product-type.bundle.unit-test";
		};
		CBECAB9821AF45950051C532 /* MessageChatUITests */ = {
			isa = PBXNativeTarget;
			buildConfigurationList = CBECABA821AF45950051C532 /* Build configuration list for PBXNativeTarget "MessageChatUITests" */;
			buildPhases = (
				CBECAB9521AF45950051C532 /* Sources */,
				CBECAB9621AF45950051C532 /* Frameworks */,
				CBECAB9721AF45950051C532 /* Resources */,
			);
			buildRules = (
			);
			dependencies = (
				CBECAB9B21AF45950051C532 /* PBXTargetDependency */,
			);
			name = MessageChatUITests;
			productName = MessageChatUITests;
			productReference = CBECAB9921AF45950051C532 /* MessageChatUITests.xctest */;
			productType = "com.apple.product-type.bundle.ui-testing";
		};
/* End PBXNativeTarget section */

/* Begin PBXProject section */
		CBECAB6F21AF45910051C532 /* Project object */ = {
			isa = PBXProject;
			attributes = {
				LastSwiftUpdateCheck = 1010;
				LastUpgradeCheck = 1010;
				ORGANIZATIONNAME = "Bruno iOS Dev";
				TargetAttributes = {
					CBECAB7621AF45910051C532 = {
						CreatedOnToolsVersion = 10.1;
					};
					CBECAB8D21AF45950051C532 = {
						CreatedOnToolsVersion = 10.1;
						TestTargetID = CBECAB7621AF45910051C532;
					};
					CBECAB9821AF45950051C532 = {
						CreatedOnToolsVersion = 10.1;
						TestTargetID = CBECAB7621AF45910051C532;
					};
				};
			};
			buildConfigurationList = CBECAB7221AF45910051C532 /* Build configuration list for PBXProject "MessageChat" */;
			compatibilityVersion = "Xcode 9.3";
			developmentRegion = en;
			hasScannedForEncodings = 0;
			knownRegions = (
				en,
				Base,
			);
			mainGroup = CBECAB6E21AF45910051C532;
			productRefGroup = CBECAB7821AF45910051C532 /* Products */;
			projectDirPath = "";
			projectRoot = "";
			targets = (
				CBECAB7621AF45910051C532 /* MessageChat */,
				CBECAB8D21AF45950051C532 /* MessageChatTests */,
				CBECAB9821AF45950051C532 /* MessageChatUITests */,
			);
		};
/* End PBXProject section */

/* Begin PBXResourcesBuildPhase section */
		CBECAB7521AF45910051C532 /* Resources */ = {
			isa = PBXResourcesBuildPhase;
			buildActionMask = 2147483647;
			files = (
				CBECAB8821AF45950051C532 /* LaunchScreen.storyboard in Resources */,
				CBECAB8521AF45950051C532 /* Assets.xcassets in Resources */,
				CBECAB8021AF45920051C532 /* Main.storyboard in Resources */,
			);
			runOnlyForDeploymentPostprocessing = 0;
		};
		CBECAB8C21AF45950051C532 /* Resources */ = {
			isa = PBXResourcesBuildPhase;
			buildActionMask = 2147483647;
			files = (
			);
			runOnlyForDeploymentPostprocessing = 0;
		};
		CBECAB9721AF45950051C532 /* Resources */ = {
			isa = PBXResourcesBuildPhase;
			buildActionMask = 2147483647;
			files = (
			);
			runOnlyForDeploymentPostprocessing = 0;
		};
/* End PBXResourcesBuildPhase section */

/* Begin PBXSourcesBuildPhase section */
		CBECAB7321AF45910051C532 /* Sources */ = {
			isa = PBXSourcesBuildPhase;
			buildActionMask = 2147483647;
			files = (
				CB0048F421B20A6500576D0B /* ProfileViewCell.swift in Sources */,
				CBECABAF21AF46DA0051C532 /* ContactsModelController.swift in Sources */,
				CBD9198B21B2B12C00F49B6B /* CustomTabBar.swift in Sources */,
				CBECABB821AF48830051C532 /* Componentes.swift in Sources */,
				CB0048ED21B206B300576D0B /* MessageChat.xcdatamodeld in Sources */,
				CB98E75C21B20CA900B06729 /* ChatMessageCell.swift in Sources */,
				CB0048F221B20A4700576D0B /* UserProfileController.swift in Sources */,
				CBECABB321AF47A90051C532 /* CustomTabBarController.swift in Sources */,
				CBECABB121AF471C0051C532 /* ContactsCell.swift in Sources */,
				CB0048F621B20A8800576D0B /* OptionsViewCell.swift in Sources */,
				CB98E75921B20C7300B06729 /* ChatLogController.swift in Sources */,
				CBECAB7D21AF45920051C532 /* ViewController.swift in Sources */,
				CBECAB7B21AF45920051C532 /* AppDelegate.swift in Sources */,
				CBECABB521AF48410051C532 /* ExtensionsAnchor.swift in Sources */,
			);
			runOnlyForDeploymentPostprocessing = 0;
		};
		CBECAB8A21AF45950051C532 /* Sources */ = {
			isa = PBXSourcesBuildPhase;
			buildActionMask = 2147483647;
			files = (
				CBECAB9321AF45950051C532 /* MessageChatTests.swift in Sources */,
			);
			runOnlyForDeploymentPostprocessing = 0;
		};
		CBECAB9521AF45950051C532 /* Sources */ = {
			isa = PBXSourcesBuildPhase;
			buildActionMask = 2147483647;
			files = (
				CBECAB9E21AF45950051C532 /* MessageChatUITests.swift in Sources */,
			);
			runOnlyForDeploymentPostprocessing = 0;
		};
/* End PBXSourcesBuildPhase section */

/* Begin PBXTargetDependency section */
		CBECAB9021AF45950051C532 /* PBXTargetDependency */ = {
			isa = PBXTargetDependency;
			target = CBECAB7621AF45910051C532 /* MessageChat */;
			targetProxy = CBECAB8F21AF45950051C532 /* PBXContainerItemProxy */;
		};
		CBECAB9B21AF45950051C532 /* PBXTargetDependency */ = {
			isa = PBXTargetDependency;
			target = CBECAB7621AF45910051C532 /* MessageChat */;
			targetProxy = CBECAB9A21AF45950051C532 /* PBXContainerItemProxy */;
		};
/* End PBXTargetDependency section */

/* Begin PBXVariantGroup section */
		CBECAB7E21AF45920051C532 /* Main.storyboard */ = {
			isa = PBXVariantGroup;
			children = (
				CBECAB7F21AF45920051C532 /* Base */,
			);
			name = Main.storyboard;
			sourceTree = "<group>";
		};
		CBECAB8621AF45950051C532 /* LaunchScreen.storyboard */ = {
			isa = PBXVariantGroup;
			children = (
				CBECAB8721AF45950051C532 /* Base */,
			);
			name = LaunchScreen.storyboard;
			sourceTree = "<group>";
		};
/* End PBXVariantGroup section */

/* Begin XCBuildConfiguration section */
		CBECABA021AF45950051C532 /* Debug */ = {
			isa = XCBuildConfiguration;
			buildSettings = {
				ALWAYS_SEARCH_USER_PATHS = NO;
				CLANG_ANALYZER_NONNULL = YES;
				CLANG_ANALYZER_NUMBER_OBJECT_CONVERSION = YES_AGGRESSIVE;
				CLANG_CXX_LANGUAGE_STANDARD = "gnu++14";
				CLANG_CXX_LIBRARY = "libc++";
				CLANG_ENABLE_MODULES = YES;
				CLANG_ENABLE_OBJC_ARC = YES;
				CLANG_ENABLE_OBJC_WEAK = YES;
				CLANG_WARN_BLOCK_CAPTURE_AUTORELEASING = YES;
				CLANG_WARN_BOOL_CONVERSION = YES;
				CLANG_WARN_COMMA = YES;
				CLANG_WARN_CONSTANT_CONVERSION = YES;
				CLANG_WARN_DEPRECATED_OBJC_IMPLEMENTATIONS = YES;
				CLANG_WARN_DIRECT_OBJC_ISA_USAGE = YES_ERROR;
				CLANG_WARN_DOCUMENTATION_COMMENTS = YES;
				CLANG_WARN_EMPTY_BODY = YES;
				CLANG_WARN_ENUM_CONVERSION = YES;
				CLANG_WARN_INFINITE_RECURSION = YES;
				CLANG_WARN_INT_CONVERSION = YES;
				CLANG_WARN_NON_LITERAL_NULL_CONVERSION = YES;
				CLANG_WARN_OBJC_IMPLICIT_RETAIN_SELF = YES;
				CLANG_WARN_OBJC_LITERAL_CONVERSION = YES;
				CLANG_WARN_OBJC_ROOT_CLASS = YES_ERROR;
				CLANG_WARN_RANGE_LOOP_ANALYSIS = YES;
				CLANG_WARN_STRICT_PROTOTYPES = YES;
				CLANG_WARN_SUSPICIOUS_MOVE = YES;
				CLANG_WARN_UNGUARDED_AVAILABILITY = YES_AGGRESSIVE;
				CLANG_WARN_UNREACHABLE_CODE = YES;
				CLANG_WARN__DUPLICATE_METHOD_MATCH = YES;
				CODE_SIGN_IDENTITY = "iPhone Developer";
				COPY_PHASE_STRIP = NO;
				DEBUG_INFORMATION_FORMAT = dwarf;
				ENABLE_STRICT_OBJC_MSGSEND = YES;
				ENABLE_TESTABILITY = YES;
				GCC_C_LANGUAGE_STANDARD = gnu11;
				GCC_DYNAMIC_NO_PIC = NO;
				GCC_NO_COMMON_BLOCKS = YES;
				GCC_OPTIMIZATION_LEVEL = 0;
				GCC_PREPROCESSOR_DEFINITIONS = (
					"DEBUG=1",
					"$(inherited)",
				);
				GCC_WARN_64_TO_32_BIT_CONVERSION = YES;
				GCC_WARN_ABOUT_RETURN_TYPE = YES_ERROR;
				GCC_WARN_UNDECLARED_SELECTOR = YES;
				GCC_WARN_UNINITIALIZED_AUTOS = YES_AGGRESSIVE;
				GCC_WARN_UNUSED_FUNCTION = YES;
				GCC_WARN_UNUSED_VARIABLE = YES;
				IPHONEOS_DEPLOYMENT_TARGET = 12.1;
				MTL_ENABLE_DEBUG_INFO = INCLUDE_SOURCE;
				MTL_FAST_MATH = YES;
				ONLY_ACTIVE_ARCH = YES;
				SDKROOT = iphoneos;
				SWIFT_ACTIVE_COMPILATION_CONDITIONS = DEBUG;
				SWIFT_OPTIMIZATION_LEVEL = "-Onone";
			};
			name = Debug;
		};
		CBECABA121AF45950051C532 /* Release */ = {
			isa = XCBuildConfiguration;
			buildSettings = {
				ALWAYS_SEARCH_USER_PATHS = NO;
				CLANG_ANALYZER_NONNULL = YES;
				CLANG_ANALYZER_NUMBER_OBJECT_CONVERSION = YES_AGGRESSIVE;
				CLANG_CXX_LANGUAGE_STANDARD = "gnu++14";
				CLANG_CXX_LIBRARY = "libc++";
				CLANG_ENABLE_MODULES = YES;
				CLANG_ENABLE_OBJC_ARC = YES;
				CLANG_ENABLE_OBJC_WEAK = YES;
				CLANG_WARN_BLOCK_CAPTURE_AUTORELEASING = YES;
				CLANG_WARN_BOOL_CONVERSION = YES;
				CLANG_WARN_COMMA = YES;
				CLANG_WARN_CONSTANT_CONVERSION = YES;
				CLANG_WARN_DEPRECATED_OBJC_IMPLEMENTATIONS = YES;
				CLANG_WARN_DIRECT_OBJC_ISA_USAGE = YES_ERROR;
				CLANG_WARN_DOCUMENTATION_COMMENTS = YES;
				CLANG_WARN_EMPTY_BODY = YES;
				CLANG_WARN_ENUM_CONVERSION = YES;
				CLANG_WARN_INFINITE_RECURSION = YES;
				CLANG_WARN_INT_CONVERSION = YES;
				CLANG_WARN_NON_LITERAL_NULL_CONVERSION = YES;
				CLANG_WARN_OBJC_IMPLICIT_RETAIN_SELF = YES;
				CLANG_WARN_OBJC_LITERAL_CONVERSION = YES;
				CLANG_WARN_OBJC_ROOT_CLASS = YES_ERROR;
				CLANG_WARN_RANGE_LOOP_ANALYSIS = YES;
				CLANG_WARN_STRICT_PROTOTYPES = YES;
				CLANG_WARN_SUSPICIOUS_MOVE = YES;
				CLANG_WARN_UNGUARDED_AVAILABILITY = YES_AGGRESSIVE;
				CLANG_WARN_UNREACHABLE_CODE = YES;
				CLANG_WARN__DUPLICATE_METHOD_MATCH = YES;
				CODE_SIGN_IDENTITY = "iPhone Developer";
				COPY_PHASE_STRIP = NO;
				DEBUG_INFORMATION_FORMAT = "dwarf-with-dsym";
				ENABLE_NS_ASSERTIONS = NO;
				ENABLE_STRICT_OBJC_MSGSEND = YES;
				GCC_C_LANGUAGE_STANDARD = gnu11;
				GCC_NO_COMMON_BLOCKS = YES;
				GCC_WARN_64_TO_32_BIT_CONVERSION = YES;
				GCC_WARN_ABOUT_RETURN_TYPE = YES_ERROR;
				GCC_WARN_UNDECLARED_SELECTOR = YES;
				GCC_WARN_UNINITIALIZED_AUTOS = YES_AGGRESSIVE;
				GCC_WARN_UNUSED_FUNCTION = YES;
				GCC_WARN_UNUSED_VARIABLE = YES;
				IPHONEOS_DEPLOYMENT_TARGET = 12.1;
				MTL_ENABLE_DEBUG_INFO = NO;
				MTL_FAST_MATH = YES;
				SDKROOT = iphoneos;
				SWIFT_COMPILATION_MODE = wholemodule;
				SWIFT_OPTIMIZATION_LEVEL = "-O";
				VALIDATE_PRODUCT = YES;
			};
			name = Release;
		};
		CBECABA321AF45950051C532 /* Debug */ = {
			isa = XCBuildConfiguration;
			buildSettings = {
				ASSETCATALOG_COMPILER_APPICON_NAME = AppIcon;
				CODE_SIGN_STYLE = Automatic;
				DEVELOPMENT_TEAM = LM5T6VK6J8;
				INFOPLIST_FILE = MessageChat/Info.plist;
				LD_RUNPATH_SEARCH_PATHS = (
					"$(inherited)",
					"@executable_path/Frameworks",
				);
				PRODUCT_BUNDLE_IDENTIFIER = BrunoDev.MessageChat;
				PRODUCT_NAME = "$(TARGET_NAME)";
				SWIFT_VERSION = 4.2;
				TARGETED_DEVICE_FAMILY = "1,2";
			};
			name = Debug;
		};
		CBECABA421AF45950051C532 /* Release */ = {
			isa = XCBuildConfiguration;
			buildSettings = {
				ASSETCATALOG_COMPILER_APPICON_NAME = AppIcon;
				CODE_SIGN_STYLE = Automatic;
				DEVELOPMENT_TEAM = LM5T6VK6J8;
				INFOPLIST_FILE = MessageChat/Info.plist;
				LD_RUNPATH_SEARCH_PATHS = (
					"$(inherited)",
					"@executable_path/Frameworks",
				);
				PRODUCT_BUNDLE_IDENTIFIER = BrunoDev.MessageChat;
				PRODUCT_NAME = "$(TARGET_NAME)";
				SWIFT_VERSION = 4.2;
				TARGETED_DEVICE_FAMILY = "1,2";
			};
			name = Release;
		};
		CBECABA621AF45950051C532 /* Debug */ = {
			isa = XCBuildConfiguration;
			buildSettings = {
				ALWAYS_EMBED_SWIFT_STANDARD_LIBRARIES = YES;
				BUNDLE_LOADER = "$(TEST_HOST)";
				CODE_SIGN_STYLE = Automatic;
				DEVELOPMENT_TEAM = LM5T6VK6J8;
				INFOPLIST_FILE = MessageChatTests/Info.plist;
				LD_RUNPATH_SEARCH_PATHS = (
					"$(inherited)",
					"@executable_path/Frameworks",
					"@loader_path/Frameworks",
				);
				PRODUCT_BUNDLE_IDENTIFIER = BrunoDev.MessageChatTests;
				PRODUCT_NAME = "$(TARGET_NAME)";
				SWIFT_VERSION = 4.2;
				TARGETED_DEVICE_FAMILY = "1,2";
				TEST_HOST = "$(BUILT_PRODUCTS_DIR)/MessageChat.app/MessageChat";
			};
			name = Debug;
		};
		CBECABA721AF45950051C532 /* Release */ = {
			isa = XCBuildConfiguration;
			buildSettings = {
				ALWAYS_EMBED_SWIFT_STANDARD_LIBRARIES = YES;
				BUNDLE_LOADER = "$(TEST_HOST)";
				CODE_SIGN_STYLE = Automatic;
				DEVELOPMENT_TEAM = LM5T6VK6J8;
				INFOPLIST_FILE = MessageChatTests/Info.plist;
				LD_RUNPATH_SEARCH_PATHS = (
					"$(inherited)",
					"@executable_path/Frameworks",
					"@loader_path/Frameworks",
				);
				PRODUCT_BUNDLE_IDENTIFIER = BrunoDev.MessageChatTests;
				PRODUCT_NAME = "$(TARGET_NAME)";
				SWIFT_VERSION = 4.2;
				TARGETED_DEVICE_FAMILY = "1,2";
				TEST_HOST = "$(BUILT_PRODUCTS_DIR)/MessageChat.app/MessageChat";
			};
			name = Release;
		};
		CBECABA921AF45950051C532 /* Debug */ = {
			isa = XCBuildConfiguration;
			buildSettings = {
				ALWAYS_EMBED_SWIFT_STANDARD_LIBRARIES = YES;
				CODE_SIGN_STYLE = Automatic;
				DEVELOPMENT_TEAM = LM5T6VK6J8;
				INFOPLIST_FILE = MessageChatUITests/Info.plist;
				LD_RUNPATH_SEARCH_PATHS = (
					"$(inherited)",
					"@executable_path/Frameworks",
					"@loader_path/Frameworks",
				);
				PRODUCT_BUNDLE_IDENTIFIER = BrunoDev.MessageChatUITests;
				PRODUCT_NAME = "$(TARGET_NAME)";
				SWIFT_VERSION = 4.2;
				TARGETED_DEVICE_FAMILY = "1,2";
				TEST_TARGET_NAME = MessageChat;
			};
			name = Debug;
		};
		CBECABAA21AF45950051C532 /* Release */ = {
			isa = XCBuildConfiguration;
			buildSettings = {
				ALWAYS_EMBED_SWIFT_STANDARD_LIBRARIES = YES;
				CODE_SIGN_STYLE = Automatic;
				DEVELOPMENT_TEAM = LM5T6VK6J8;
				INFOPLIST_FILE = MessageChatUITests/Info.plist;
				LD_RUNPATH_SEARCH_PATHS = (
					"$(inherited)",
					"@executable_path/Frameworks",
					"@loader_path/Frameworks",
				);
				PRODUCT_BUNDLE_IDENTIFIER = BrunoDev.MessageChatUITests;
				PRODUCT_NAME = "$(TARGET_NAME)";
				SWIFT_VERSION = 4.2;
				TARGETED_DEVICE_FAMILY = "1,2";
				TEST_TARGET_NAME = MessageChat;
			};
			name = Release;
		};
/* End XCBuildConfiguration section */

/* Begin XCConfigurationList section */
		CBECAB7221AF45910051C532 /* Build configuration list for PBXProject "MessageChat" */ = {
			isa = XCConfigurationList;
			buildConfigurations = (
				CBECABA021AF45950051C532 /* Debug */,
				CBECABA121AF45950051C532 /* Release */,
			);
			defaultConfigurationIsVisible = 0;
			defaultConfigurationName = Release;
		};
		CBECABA221AF45950051C532 /* Build configuration list for PBXNativeTarget "MessageChat" */ = {
			isa = XCConfigurationList;
			buildConfigurations = (
				CBECABA321AF45950051C532 /* Debug */,
				CBECABA421AF45950051C532 /* Release */,
			);
			defaultConfigurationIsVisible = 0;
			defaultConfigurationName = Release;
		};
		CBECABA521AF45950051C532 /* Build configuration list for PBXNativeTarget "MessageChatTests" */ = {
			isa = XCConfigurationList;
			buildConfigurations = (
				CBECABA621AF45950051C532 /* Debug */,
				CBECABA721AF45950051C532 /* Release */,
			);
			defaultConfigurationIsVisible = 0;
			defaultConfigurationName = Release;
		};
		CBECABA821AF45950051C532 /* Build configuration list for PBXNativeTarget "MessageChatUITests" */ = {
			isa = XCConfigurationList;
			buildConfigurations = (
				CBECABA921AF45950051C532 /* Debug */,
				CBECABAA21AF45950051C532 /* Release */,
			);
			defaultConfigurationIsVisible = 0;
			defaultConfigurationName = Release;
		};
/* End XCConfigurationList section */

/* Begin XCVersionGroup section */
		CB0048EB21B206B300576D0B /* MessageChat.xcdatamodeld */ = {
			isa = XCVersionGroup;
			children = (
				CB0048EC21B206B300576D0B /* MessageChat.xcdatamodel */,
			);
			currentVersion = CB0048EC21B206B300576D0B /* MessageChat.xcdatamodel */;
			path = MessageChat.xcdatamodeld;
			sourceTree = "<group>";
			versionGroupType = wrapper.xcdatamodel;
		};
/* End XCVersionGroup section */
	};
	rootObject = CBECAB6F21AF45910051C532 /* Project object */;
}
